{
  "name": "w-list-utils",
  "version": "1.0.3",
  "lockfileVersion": 3,
  "requires": true,
  "packages": {
    "": {
      "name": "w-list-utils",
      "version": "1.0.3",
      "license": "ISC",
      "dependencies": {
        "wlist-types": "^1.0.2"
      }
    },
    "node_modules/wlist-types": {
      "version": "1.0.2",
      "resolved": "https://registry.npmjs.org/wlist-types/-/wlist-types-1.0.2.tgz",
      "integrity": "sha512-a3ZTxxsbinWgJAI07BOFGGYvGjq2FVctqi7ZYsaEsfIfrmOcXMmxHLPv0HVBiHGteLnpnrCXVrDrA2826wGEuw==",
      "license": "ISC"
    }
  }
}
